
Microsoft Visual Studio Solution File, Format Version 12.00
# Visual Studio Version 16
VisualStudioVersion = 16.0.31729.503
MinimumVisualStudioVersion = 10.0.40219.1
Project("{FAE04EC0-301F-11D3-BF4B-00C04F79EFBC}") = "WorkingDays20DaysOr100HrsPrYear", "WorkingDays20DaysOr100HrsPrYear\WorkingDays20DaysOr100HrsPrYear.csproj", "{1D093C48-3AB2-427C-9CCB-BEB8524E624B}"
EndProject
Global
	GlobalSection(SolutionConfigurationPlatforms) = preSolution
		Debug|Any CPU = Debug|Any CPU
		Release|Any CPU = Release|Any CPU
	EndGlobalSection
	GlobalSection(ProjectConfigurationPlatforms) = postSolution
		{1D093C48-3AB2-427C-9CCB-BEB8524E624B}.Debug|Any CPU.ActiveCfg = Debug|Any CPU
		{1D093C48-3AB2-427C-9CCB-BEB8524E624B}.Debug|Any CPU.Build.0 = Debug|Any CPU
		{1D093C48-3AB2-427C-9CCB-BEB8524E624B}.Release|Any CPU.ActiveCfg = Release|Any CPU
		{1D093C48-3AB2-427C-9CCB-BEB8524E624B}.Release|Any CPU.Build.0 = Release|Any CPU
	EndGlobalSection
	GlobalSection(SolutionProperties) = preSolution
		HideSolutionNode = FALSE
	EndGlobalSection
	GlobalSection(ExtensibilityGlobals) = postSolution
		SolutionGuid = {DA66AF34-88FE-408C-A5E1-5D097CF0D16B}
	EndGlobalSection
EndGlobal
