
Microsoft Visual Studio Solution File, Format Version 12.00
# Visual Studio Version 16
VisualStudioVersion = 16.0.31729.503
MinimumVisualStudioVersion = 10.0.40219.1
Project("{FAE04EC0-301F-11D3-BF4B-00C04F79EFBC}") = "PartTimeEmpWageCompute", "PartTimeEmpWage\PartTimeEmpWageCompute.csproj", "{6A18BC36-6053-442B-A422-FD4B00D4FCBC}"
EndProject
Global
	GlobalSection(SolutionConfigurationPlatforms) = preSolution
		Debug|Any CPU = Debug|Any CPU
		Release|Any CPU = Release|Any CPU
	EndGlobalSection
	GlobalSection(ProjectConfigurationPlatforms) = postSolution
		{6A18BC36-6053-442B-A422-FD4B00D4FCBC}.Debug|Any CPU.ActiveCfg = Debug|Any CPU
		{6A18BC36-6053-442B-A422-FD4B00D4FCBC}.Debug|Any CPU.Build.0 = Debug|Any CPU
		{6A18BC36-6053-442B-A422-FD4B00D4FCBC}.Release|Any CPU.ActiveCfg = Release|Any CPU
		{6A18BC36-6053-442B-A422-FD4B00D4FCBC}.Release|Any CPU.Build.0 = Release|Any CPU
	EndGlobalSection
	GlobalSection(SolutionProperties) = preSolution
		HideSolutionNode = FALSE
	EndGlobalSection
	GlobalSection(ExtensibilityGlobals) = postSolution
		SolutionGuid = {34C35237-68A3-4D12-B47C-D4E00527A340}
	EndGlobalSection
EndGlobal
